{
    "name": "@codecrafters/build-your-own-dns-server",
    "lockfileVersion": 3,
    "requires": true,
    "packages": {
        "": {
            "name": "@codecrafters/build-your-own-dns-server",
            "dependencies": {
                "async": "^3.2.0",
                "bun": "^1.1.29",
                "dgram-as-promised": "^6.0.0"
            },
            "devDependencies": {
                "@types/node": "^20.12.11"
            }
        },
        "node_modules/@oven/bun-darwin-aarch64": {
            "version": "1.1.29",
            "resolved": "https://registry.npmjs.org/@oven/bun-darwin-aarch64/-/bun-darwin-aarch64-1.1.29.tgz",
            "integrity": "sha512-Z8WnrXoAXg6ENU6z+Mil94oipMBMliJIj4XWWqjNC33/ZGPqMdPT5MbFQjbdHjxe5bRBW/aHaMU3G35fGx9Seg==",
            "cpu": [
                "arm64"
            ],
            "optional": true,
            "os": [
                "darwin"
            ]
        },
        "node_modules/@oven/bun-darwin-x64": {
            "version": "1.1.29",
            "resolved": "https://registry.npmjs.org/@oven/bun-darwin-x64/-/bun-darwin-x64-1.1.29.tgz",
            "integrity": "sha512-tDHDR+OWLCKEP0xE8IGCWRxSsxO5tr3rvyrSzy6CXYkoWPz66kODbtbGfWl8HSwunrQxJKnE2L9LWX2Eiz3Cpw==",
            "cpu": [
                "x64"
            ],
            "optional": true,
            "os": [
                "darwin"
            ]
        },
        "node_modules/@oven/bun-darwin-x64-baseline": {
            "version": "1.1.29",
            "resolved": "https://registry.npmjs.org/@oven/bun-darwin-x64-baseline/-/bun-darwin-x64-baseline-1.1.29.tgz",
            "integrity": "sha512-B+zKlJR+3ANPDU+vNjvXaqgB63hYcCk16/k45hiInvIsDXfSdDn4+LMHwZTFdfUWTCGbNMFg9u4bZCtK0nhMDw==",
            "cpu": [
                "x64"
            ],
            "optional": true,
            "os": [
                "darwin"
            ]
        },
        "node_modules/@oven/bun-linux-aarch64": {
            "version": "1.1.29",
            "resolved": "https://registry.npmjs.org/@oven/bun-linux-aarch64/-/bun-linux-aarch64-1.1.29.tgz",
            "integrity": "sha512-BuV2Gni+FaMo1r7+3vLjefQYtQcWE01zJJ4zCjyzikP1L4r6PUaLeJyKXbqF6sIR0cLjG6LWj66EGskakDyvWA==",
            "cpu": [
                "arm64"
            ],
            "optional": true,
            "os": [
                "linux"
            ]
        },
        "node_modules/@oven/bun-linux-x64": {
            "version": "1.1.29",
            "resolved": "https://registry.npmjs.org/@oven/bun-linux-x64/-/bun-linux-x64-1.1.29.tgz",
            "integrity": "sha512-JVLiTafybuOFIeC80mZEzHdkOCCzlOtOV5zCbvYAIb7D3SM64fNBwrR0dvDkJTQtsjbwt8YeVFN2YRSI/wlFkw==",
            "cpu": [
                "x64"
            ],
            "optional": true,
            "os": [
                "linux"
            ]
        },
        "node_modules/@oven/bun-linux-x64-baseline": {
            "version": "1.1.29",
            "resolved": "https://registry.npmjs.org/@oven/bun-linux-x64-baseline/-/bun-linux-x64-baseline-1.1.29.tgz",
            "integrity": "sha512-tQhm1SDyymBvc2L3zIN7FI+sI3g9gxavDYuvL/Lz17nEk1oqP5DFE2lF9QWJMDdQL3XQKH/drI27yNpfPHgAPw==",
            "cpu": [
                "x64"
            ],
            "optional": true,
            "os": [
                "linux"
            ]
        },
        "node_modules/@oven/bun-windows-x64": {
            "version": "1.1.29",
            "resolved": "https://registry.npmjs.org/@oven/bun-windows-x64/-/bun-windows-x64-1.1.29.tgz",
            "integrity": "sha512-d930+pSkNVHPJJBryIh1gsAKk7lp1HzcktFe0bfxwmpHwjj4BiVfMjU1YaCnsdWKNs2Nv1Y1PLVDNyUCQVfo0Q==",
            "cpu": [
                "x64"
            ],
            "optional": true,
            "os": [
                "win32"
            ]
        },
        "node_modules/@oven/bun-windows-x64-baseline": {
            "version": "1.1.29",
            "resolved": "https://registry.npmjs.org/@oven/bun-windows-x64-baseline/-/bun-windows-x64-baseline-1.1.29.tgz",
            "integrity": "sha512-+QWT8Kp+3Sl54QUa6uBsDzQlX11thMMVAw+yUwSRU4Y5FVSN8RPuxhN8ijJ1QGm1KOYA2sCI6V+3lyNMNmRvAA==",
            "cpu": [
                "x64"
            ],
            "optional": true,
            "os": [
                "win32"
            ]
        },
        "node_modules/@types/node": {
            "version": "20.16.9",
            "resolved": "https://registry.npmjs.org/@types/node/-/node-20.16.9.tgz",
            "integrity": "sha512-rkvIVJxsOfBejxK7I0FO5sa2WxFmJCzoDwcd88+fq/CUfynNywTo/1/T6hyFz22CyztsnLS9nVlHOnTI36RH5w==",
            "dev": true,
            "dependencies": {
                "undici-types": "~6.19.2"
            }
        },
        "node_modules/async": {
            "version": "3.2.6",
            "resolved": "https://registry.npmjs.org/async/-/async-3.2.6.tgz",
            "integrity": "sha512-htCUDlxyyCLMgaM3xXg0C0LW2xqfuQ6p05pCEIsXuyQ+a1koYKTuBMzRNwmybfLgvJDMd0r1LTn4+E0Ti6C2AA=="
        },
        "node_modules/bun": {
            "version": "1.1.29",
            "resolved": "https://registry.npmjs.org/bun/-/bun-1.1.29.tgz",
            "integrity": "sha512-SKhpyKNZtgxrVel9ec9xon3LDv8mgpiuFhARgcJo1YIbggY2PBrKHRNiwQ6Qlb+x3ivmRurfuwWgwGexjpgBRg==",
            "cpu": [
                "arm64",
                "x64"
            ],
            "hasInstallScript": true,
            "os": [
                "darwin",
                "linux",
                "win32"
            ],
            "bin": {
                "bun": "bin/bun.exe",
                "bunx": "bin/bun.exe"
            },
            "optionalDependencies": {
                "@oven/bun-darwin-aarch64": "1.1.29",
                "@oven/bun-darwin-x64": "1.1.29",
                "@oven/bun-darwin-x64-baseline": "1.1.29",
                "@oven/bun-linux-aarch64": "1.1.29",
                "@oven/bun-linux-x64": "1.1.29",
                "@oven/bun-linux-x64-baseline": "1.1.29",
                "@oven/bun-windows-x64": "1.1.29",
                "@oven/bun-windows-x64-baseline": "1.1.29"
            }
        },
        "node_modules/dgram-as-promised": {
            "version": "6.0.0",
            "resolved": "https://registry.npmjs.org/dgram-as-promised/-/dgram-as-promised-6.0.0.tgz",
            "integrity": "sha512-W/xRX4eh1eo1jFmgeYnnZLFTlcV7I3JrMcljsp1BknhQ79MRaX6rYzxVDDSZbwybkWO6+sdqKadOFtl7nwlUbA==",
            "engines": {
                "node": ">=16.0.0"
            }
        },
        "node_modules/undici-types": {
            "version": "6.19.8",
            "resolved": "https://registry.npmjs.org/undici-types/-/undici-types-6.19.8.tgz",
            "integrity": "sha512-ve2KP6f/JnbPBFyobGHuerC9g1FYGn/F8n1LWTwNxCEzd6IfqTwUQcNXgEtmmQ6DlRrC1hrSrBnCZPokRrDHjw==",
            "dev": true
        }
    }
}
